// !$*UTF8*$!
{
	archiveVersion = 1;
	classes = {
	};
	objectVersion = 56;
	objects = {

/* Begin PBXBuildFile section */
		8C1584652C43EE5E00331C1B /* HistoryViewController.swift in Sources */ = {isa = PBXBuildFile; fileRef = 8C1584642C43EE5E00331C1B /* HistoryViewController.swift */; };
		8C1584672C43EE7B00331C1B /* HistoryCell.swift in Sources */ = {isa = PBXBuildFile; fileRef = 8C1584662C43EE7B00331C1B /* HistoryCell.swift */; };
		8C1584692C43EE8B00331C1B /* HistoryViewModel.swift in Sources */ = {isa = PBXBuildFile; fileRef = 8C1584682C43EE8B00331C1B /* HistoryViewModel.swift */; };
		8C2EC5132C428137005784C8 /* Other+Extensions.swift in Sources */ = {isa = PBXBuildFile; fileRef = 8C2EC5122C428137005784C8 /* Other+Extensions.swift */; };
		8C2EC5152C4285DA005784C8 /* DetailViewController.swift in Sources */ = {isa = PBXBuildFile; fileRef = 8C2EC5142C4285DA005784C8 /* DetailViewController.swift */; };
		8C2EC5172C4285E6005784C8 /* DetailViewModel.swift in Sources */ = {isa = PBXBuildFile; fileRef = 8C2EC5162C4285E6005784C8 /* DetailViewModel.swift */; };
		8C2EC51B2C42ADFB005784C8 /* UIButton+Extensions.swift in Sources */ = {isa = PBXBuildFile; fileRef = 8C2EC51A2C42ADFB005784C8 /* UIButton+Extensions.swift */; };
		8C2EC51D2C42B349005784C8 /* DatePickerViewController.swift in Sources */ = {isa = PBXBuildFile; fileRef = 8C2EC51C2C42B349005784C8 /* DatePickerViewController.swift */; };
		8C2EC51F2C42E743005784C8 /* RoverPhoto.swift in Sources */ = {isa = PBXBuildFile; fileRef = 8C2EC51E2C42E743005784C8 /* RoverPhoto.swift */; };
		8C2EC5242C42F271005784C8 /* RoversPhotoPrtcl.swift in Sources */ = {isa = PBXBuildFile; fileRef = 8C2EC5232C42F271005784C8 /* RoversPhotoPrtcl.swift */; };
		8C2EC52D2C43166E005784C8 /* AlertManager.swift in Sources */ = {isa = PBXBuildFile; fileRef = 8C2EC52C2C43166E005784C8 /* AlertManager.swift */; };
		8C4D8CA02C47BCD400F1B6F7 /* DateFormaterManager.swift in Sources */ = {isa = PBXBuildFile; fileRef = 8C4D8C9F2C47BCD400F1B6F7 /* DateFormaterManager.swift */; };
		8C4D8CA22C47EC5800F1B6F7 /* loader.json in Resources */ = {isa = PBXBuildFile; fileRef = 8C4D8CA12C47EC5800F1B6F7 /* loader.json */; };
		8CC4AD3A2C402A9D00538CEC /* AppDelegate.swift in Sources */ = {isa = PBXBuildFile; fileRef = 8CC4AD392C402A9D00538CEC /* AppDelegate.swift */; };
		8CC4AD3C2C402A9D00538CEC /* SceneDelegate.swift in Sources */ = {isa = PBXBuildFile; fileRef = 8CC4AD3B2C402A9D00538CEC /* SceneDelegate.swift */; };
		8CC4AD3E2C402A9D00538CEC /* MainViewController.swift in Sources */ = {isa = PBXBuildFile; fileRef = 8CC4AD3D2C402A9D00538CEC /* MainViewController.swift */; };
		8CC4AD432C402AA000538CEC /* Assets.xcassets in Resources */ = {isa = PBXBuildFile; fileRef = 8CC4AD422C402AA000538CEC /* Assets.xcassets */; };
		8CC4AD462C402AA000538CEC /* Base in Resources */ = {isa = PBXBuildFile; fileRef = 8CC4AD452C402AA000538CEC /* Base */; };
		8CC4AD532C4030C800538CEC /* UIColor+Extensions.swift in Sources */ = {isa = PBXBuildFile; fileRef = 8CC4AD522C4030C800538CEC /* UIColor+Extensions.swift */; };
		8CC4AD552C40350C00538CEC /* CardCell.swift in Sources */ = {isa = PBXBuildFile; fileRef = 8CC4AD542C40350C00538CEC /* CardCell.swift */; };
		8CC4AD572C40358D00538CEC /* MainViewModel.swift in Sources */ = {isa = PBXBuildFile; fileRef = 8CC4AD562C40358D00538CEC /* MainViewModel.swift */; };
		8CC4AD5A2C40360000538CEC /* RoverLatestPhoto.swift in Sources */ = {isa = PBXBuildFile; fileRef = 8CC4AD592C40360000538CEC /* RoverLatestPhoto.swift */; };
		8CC4AD5E2C403EFA00538CEC /* UIViewController+Extensions.swift in Sources */ = {isa = PBXBuildFile; fileRef = 8CC4AD5D2C403EFA00538CEC /* UIViewController+Extensions.swift */; };
		8CC4AD602C4098D800538CEC /* Endpoint.swift in Sources */ = {isa = PBXBuildFile; fileRef = 8CC4AD5F2C4098D800538CEC /* Endpoint.swift */; };
		8CC4AD622C40994700538CEC /* APIService.swift in Sources */ = {isa = PBXBuildFile; fileRef = 8CC4AD612C40994700538CEC /* APIService.swift */; };
		8CC4AD642C412FFD00538CEC /* Constants.swift in Sources */ = {isa = PBXBuildFile; fileRef = 8CC4AD632C412FFD00538CEC /* Constants.swift */; };
		8CC4AD662C4134EC00538CEC /* HTTP.swift in Sources */ = {isa = PBXBuildFile; fileRef = 8CC4AD652C4134EC00538CEC /* HTTP.swift */; };
		8CC4AD682C41A53400538CEC /* RoverBottomScreen.swift in Sources */ = {isa = PBXBuildFile; fileRef = 8CC4AD672C41A53400538CEC /* RoverBottomScreen.swift */; };
		8CC4AD6A2C41A54500538CEC /* CameraBottomScreen.swift in Sources */ = {isa = PBXBuildFile; fileRef = 8CC4AD692C41A54500538CEC /* CameraBottomScreen.swift */; };
		8CF8448F2C440EF800A59A11 /* DBManager.swift in Sources */ = {isa = PBXBuildFile; fileRef = 8CF8448E2C440EF800A59A11 /* DBManager.swift */; };
		8CF844912C44139800A59A11 /* FilterModel.swift in Sources */ = {isa = PBXBuildFile; fileRef = 8CF844902C44139800A59A11 /* FilterModel.swift */; };
		CE2295C140AB9B6A9411E4F2 /* Pods_TestTaskNasa.framework in Frameworks */ = {isa = PBXBuildFile; fileRef = CB2798B31DE298795F66589E /* Pods_TestTaskNasa.framework */; };
/* End PBXBuildFile section */

/* Begin PBXFileReference section */
		149B708676A0E4BEAC3FFDDE /* Pods-TestTaskNasa.release.xcconfig */ = {isa = PBXFileReference; includeInIndex = 1; lastKnownFileType = text.xcconfig; name = "Pods-TestTaskNasa.release.xcconfig"; path = "Target Support Files/Pods-TestTaskNasa/Pods-TestTaskNasa.release.xcconfig"; sourceTree = "<group>"; };
		509152D32A419B0790BEA103 /* Pods-TestTaskNasa.debug.xcconfig */ = {isa = PBXFileReference; includeInIndex = 1; lastKnownFileType = text.xcconfig; name = "Pods-TestTaskNasa.debug.xcconfig"; path = "Target Support Files/Pods-TestTaskNasa/Pods-TestTaskNasa.debug.xcconfig"; sourceTree = "<group>"; };
		8C1584642C43EE5E00331C1B /* HistoryViewController.swift */ = {isa = PBXFileReference; lastKnownFileType = sourcecode.swift; path = HistoryViewController.swift; sourceTree = "<group>"; };
		8C1584662C43EE7B00331C1B /* HistoryCell.swift */ = {isa = PBXFileReference; lastKnownFileType = sourcecode.swift; path = HistoryCell.swift; sourceTree = "<group>"; };
		8C1584682C43EE8B00331C1B /* HistoryViewModel.swift */ = {isa = PBXFileReference; lastKnownFileType = sourcecode.swift; path = HistoryViewModel.swift; sourceTree = "<group>"; };
		8C2EC5122C428137005784C8 /* Other+Extensions.swift */ = {isa = PBXFileReference; lastKnownFileType = sourcecode.swift; path = "Other+Extensions.swift"; sourceTree = "<group>"; };
		8C2EC5142C4285DA005784C8 /* DetailViewController.swift */ = {isa = PBXFileReference; lastKnownFileType = sourcecode.swift; path = DetailViewController.swift; sourceTree = "<group>"; };
		8C2EC5162C4285E6005784C8 /* DetailViewModel.swift */ = {isa = PBXFileReference; lastKnownFileType = sourcecode.swift; path = DetailViewModel.swift; sourceTree = "<group>"; };
		8C2EC51A2C42ADFB005784C8 /* UIButton+Extensions.swift */ = {isa = PBXFileReference; lastKnownFileType = sourcecode.swift; path = "UIButton+Extensions.swift"; sourceTree = "<group>"; };
		8C2EC51C2C42B349005784C8 /* DatePickerViewController.swift */ = {isa = PBXFileReference; lastKnownFileType = sourcecode.swift; path = DatePickerViewController.swift; sourceTree = "<group>"; };
		8C2EC51E2C42E743005784C8 /* RoverPhoto.swift */ = {isa = PBXFileReference; lastKnownFileType = sourcecode.swift; path = RoverPhoto.swift; sourceTree = "<group>"; };
		8C2EC5232C42F271005784C8 /* RoversPhotoPrtcl.swift */ = {isa = PBXFileReference; lastKnownFileType = sourcecode.swift; path = RoversPhotoPrtcl.swift; sourceTree = "<group>"; };
		8C2EC52C2C43166E005784C8 /* AlertManager.swift */ = {isa = PBXFileReference; lastKnownFileType = sourcecode.swift; path = AlertManager.swift; sourceTree = "<group>"; };
		8C4D8C9F2C47BCD400F1B6F7 /* DateFormaterManager.swift */ = {isa = PBXFileReference; lastKnownFileType = sourcecode.swift; path = DateFormaterManager.swift; sourceTree = "<group>"; };
		8C4D8CA12C47EC5800F1B6F7 /* loader.json */ = {isa = PBXFileReference; fileEncoding = 4; lastKnownFileType = text.json; path = loader.json; sourceTree = "<group>"; };
		8CC4AD362C402A9D00538CEC /* TestTaskNasa.app */ = {isa = PBXFileReference; explicitFileType = wrapper.application; includeInIndex = 0; path = TestTaskNasa.app; sourceTree = BUILT_PRODUCTS_DIR; };
		8CC4AD392C402A9D00538CEC /* AppDelegate.swift */ = {isa = PBXFileReference; lastKnownFileType = sourcecode.swift; path = AppDelegate.swift; sourceTree = "<group>"; };
		8CC4AD3B2C402A9D00538CEC /* SceneDelegate.swift */ = {isa = PBXFileReference; lastKnownFileType = sourcecode.swift; path = SceneDelegate.swift; sourceTree = "<group>"; };
		8CC4AD3D2C402A9D00538CEC /* MainViewController.swift */ = {isa = PBXFileReference; lastKnownFileType = sourcecode.swift; path = MainViewController.swift; sourceTree = "<group>"; };
		8CC4AD422C402AA000538CEC /* Assets.xcassets */ = {isa = PBXFileReference; lastKnownFileType = folder.assetcatalog; path = Assets.xcassets; sourceTree = "<group>"; };
		8CC4AD452C402AA000538CEC /* Base */ = {isa = PBXFileReference; lastKnownFileType = file.storyboard; name = Base; path = Base.lproj/LaunchScreen.storyboard; sourceTree = "<group>"; };
		8CC4AD472C402AA000538CEC /* Info.plist */ = {isa = PBXFileReference; lastKnownFileType = text.plist.xml; path = Info.plist; sourceTree = "<group>"; };
		8CC4AD522C4030C800538CEC /* UIColor+Extensions.swift */ = {isa = PBXFileReference; lastKnownFileType = sourcecode.swift; path = "UIColor+Extensions.swift"; sourceTree = "<group>"; };
		8CC4AD542C40350C00538CEC /* CardCell.swift */ = {isa = PBXFileReference; lastKnownFileType = sourcecode.swift; path = CardCell.swift; sourceTree = "<group>"; };
		8CC4AD562C40358D00538CEC /* MainViewModel.swift */ = {isa = PBXFileReference; lastKnownFileType = sourcecode.swift; path = MainViewModel.swift; sourceTree = "<group>"; };
		8CC4AD592C40360000538CEC /* RoverLatestPhoto.swift */ = {isa = PBXFileReference; lastKnownFileType = sourcecode.swift; path = RoverLatestPhoto.swift; sourceTree = "<group>"; };
		8CC4AD5D2C403EFA00538CEC /* UIViewController+Extensions.swift */ = {isa = PBXFileReference; lastKnownFileType = sourcecode.swift; path = "UIViewController+Extensions.swift"; sourceTree = "<group>"; };
		8CC4AD5F2C4098D800538CEC /* Endpoint.swift */ = {isa = PBXFileReference; lastKnownFileType = sourcecode.swift; path = Endpoint.swift; sourceTree = "<group>"; };
		8CC4AD612C40994700538CEC /* APIService.swift */ = {isa = PBXFileReference; lastKnownFileType = sourcecode.swift; path = APIService.swift; sourceTree = "<group>"; };
		8CC4AD632C412FFD00538CEC /* Constants.swift */ = {isa = PBXFileReference; lastKnownFileType = sourcecode.swift; path = Constants.swift; sourceTree = "<group>"; };
		8CC4AD652C4134EC00538CEC /* HTTP.swift */ = {isa = PBXFileReference; lastKnownFileType = sourcecode.swift; path = HTTP.swift; sourceTree = "<group>"; };
		8CC4AD672C41A53400538CEC /* RoverBottomScreen.swift */ = {isa = PBXFileReference; lastKnownFileType = sourcecode.swift; path = RoverBottomScreen.swift; sourceTree = "<group>"; };
		8CC4AD692C41A54500538CEC /* CameraBottomScreen.swift */ = {isa = PBXFileReference; lastKnownFileType = sourcecode.swift; path = CameraBottomScreen.swift; sourceTree = "<group>"; };
		8CF8448E2C440EF800A59A11 /* DBManager.swift */ = {isa = PBXFileReference; lastKnownFileType = sourcecode.swift; path = DBManager.swift; sourceTree = "<group>"; };
		8CF844902C44139800A59A11 /* FilterModel.swift */ = {isa = PBXFileReference; lastKnownFileType = sourcecode.swift; path = FilterModel.swift; sourceTree = "<group>"; };
		CB2798B31DE298795F66589E /* Pods_TestTaskNasa.framework */ = {isa = PBXFileReference; explicitFileType = wrapper.framework; includeInIndex = 0; path = Pods_TestTaskNasa.framework; sourceTree = BUILT_PRODUCTS_DIR; };
/* End PBXFileReference section */

/* Begin PBXFrameworksBuildPhase section */
		8CC4AD332C402A9D00538CEC /* Frameworks */ = {
			isa = PBXFrameworksBuildPhase;
			buildActionMask = 2147483647;
			files = (
				CE2295C140AB9B6A9411E4F2 /* Pods_TestTaskNasa.framework in Frameworks */,
			);
			runOnlyForDeploymentPostprocessing = 0;
		};
/* End PBXFrameworksBuildPhase section */

/* Begin PBXGroup section */
		656B35C9C0E817D8BCF59164 /* Pods */ = {
			isa = PBXGroup;
			children = (
				509152D32A419B0790BEA103 /* Pods-TestTaskNasa.debug.xcconfig */,
				149B708676A0E4BEAC3FFDDE /* Pods-TestTaskNasa.release.xcconfig */,
			);
			path = Pods;
			sourceTree = "<group>";
		};
		8C1584632C43EE3100331C1B /* HistoryScreen */ = {
			isa = PBXGroup;
			children = (
				8C1584642C43EE5E00331C1B /* HistoryViewController.swift */,
				8C1584662C43EE7B00331C1B /* HistoryCell.swift */,
				8C1584682C43EE8B00331C1B /* HistoryViewModel.swift */,
			);
			path = HistoryScreen;
			sourceTree = "<group>";
		};
		8C2EC5112C41CE94005784C8 /* FilterScreens */ = {
			isa = PBXGroup;
			children = (
				8CC4AD672C41A53400538CEC /* RoverBottomScreen.swift */,
				8CC4AD692C41A54500538CEC /* CameraBottomScreen.swift */,
				8C2EC51C2C42B349005784C8 /* DatePickerViewController.swift */,
			);
			path = FilterScreens;
			sourceTree = "<group>";
		};
		8C2EC52B2C4315B5005784C8 /* Managers */ = {
			isa = PBXGroup;
			children = (
				8C2EC52C2C43166E005784C8 /* AlertManager.swift */,
				8CF8448E2C440EF800A59A11 /* DBManager.swift */,
				8C4D8C9F2C47BCD400F1B6F7 /* DateFormaterManager.swift */,
			);
			path = Managers;
			sourceTree = "<group>";
		};
		8CC4AD2D2C402A9D00538CEC = {
			isa = PBXGroup;
			children = (
				8CC4AD382C402A9D00538CEC /* TestTaskNasa */,
				8CC4AD372C402A9D00538CEC /* Products */,
				656B35C9C0E817D8BCF59164 /* Pods */,
				A1228FB3EB1BCCE1510152E4 /* Frameworks */,
			);
			sourceTree = "<group>";
		};
		8CC4AD372C402A9D00538CEC /* Products */ = {
			isa = PBXGroup;
			children = (
				8CC4AD362C402A9D00538CEC /* TestTaskNasa.app */,
			);
			name = Products;
			sourceTree = "<group>";
		};
		8CC4AD382C402A9D00538CEC /* TestTaskNasa */ = {
			isa = PBXGroup;
			children = (
				8CC4AD5B2C40387C00538CEC /* Networking */,
				8CC4AD582C4035F200538CEC /* Models */,
				8CC4AD512C4030BC00538CEC /* Helpers */,
				8CC4AD4F2C402B1500538CEC /* MainScreen */,
				8CC4AD502C402B2D00538CEC /* DetailScreen */,
				8C1584632C43EE3100331C1B /* HistoryScreen */,
				8CC4AD4D2C402B0800538CEC /* Application */,
				8CC4AD4E2C402B0E00538CEC /* Assets */,
			);
			path = TestTaskNasa;
			sourceTree = "<group>";
		};
		8CC4AD4D2C402B0800538CEC /* Application */ = {
			isa = PBXGroup;
			children = (
				8CC4AD392C402A9D00538CEC /* AppDelegate.swift */,
				8CC4AD3B2C402A9D00538CEC /* SceneDelegate.swift */,
			);
			path = Application;
			sourceTree = "<group>";
		};
		8CC4AD4E2C402B0E00538CEC /* Assets */ = {
			isa = PBXGroup;
			children = (
				8C4D8CA12C47EC5800F1B6F7 /* loader.json */,
				8CC4AD422C402AA000538CEC /* Assets.xcassets */,
				8CC4AD442C402AA000538CEC /* LaunchScreen.storyboard */,
				8CC4AD472C402AA000538CEC /* Info.plist */,
			);
			path = Assets;
			sourceTree = "<group>";
		};
		8CC4AD4F2C402B1500538CEC /* MainScreen */ = {
			isa = PBXGroup;
			children = (
				8CC4AD3D2C402A9D00538CEC /* MainViewController.swift */,
				8CC4AD542C40350C00538CEC /* CardCell.swift */,
				8CC4AD562C40358D00538CEC /* MainViewModel.swift */,
				8C2EC5112C41CE94005784C8 /* FilterScreens */,
			);
			path = MainScreen;
			sourceTree = "<group>";
		};
		8CC4AD502C402B2D00538CEC /* DetailScreen */ = {
			isa = PBXGroup;
			children = (
				8C2EC5142C4285DA005784C8 /* DetailViewController.swift */,
				8C2EC5162C4285E6005784C8 /* DetailViewModel.swift */,
			);
			path = DetailScreen;
			sourceTree = "<group>";
		};
		8CC4AD512C4030BC00538CEC /* Helpers */ = {
			isa = PBXGroup;
			children = (
				8C2EC52B2C4315B5005784C8 /* Managers */,
				8CC4AD5D2C403EFA00538CEC /* UIViewController+Extensions.swift */,
				8CC4AD632C412FFD00538CEC /* Constants.swift */,
				8CC4AD522C4030C800538CEC /* UIColor+Extensions.swift */,
				8C2EC5122C428137005784C8 /* Other+Extensions.swift */,
				8C2EC51A2C42ADFB005784C8 /* UIButton+Extensions.swift */,
			);
			path = Helpers;
			sourceTree = "<group>";
		};
		8CC4AD582C4035F200538CEC /* Models */ = {
			isa = PBXGroup;
			children = (
				8CC4AD592C40360000538CEC /* RoverLatestPhoto.swift */,
				8C2EC51E2C42E743005784C8 /* RoverPhoto.swift */,
				8C2EC5232C42F271005784C8 /* RoversPhotoPrtcl.swift */,
				8CF844902C44139800A59A11 /* FilterModel.swift */,
			);
			path = Models;
			sourceTree = "<group>";
		};
		8CC4AD5B2C40387C00538CEC /* Networking */ = {
			isa = PBXGroup;
			children = (
				8CC4AD5F2C4098D800538CEC /* Endpoint.swift */,
				8CC4AD612C40994700538CEC /* APIService.swift */,
				8CC4AD652C4134EC00538CEC /* HTTP.swift */,
			);
			path = Networking;
			sourceTree = "<group>";
		};
		A1228FB3EB1BCCE1510152E4 /* Frameworks */ = {
			isa = PBXGroup;
			children = (
				CB2798B31DE298795F66589E /* Pods_TestTaskNasa.framework */,
			);
			name = Frameworks;
			sourceTree = "<group>";
		};
/* End PBXGroup section */

/* Begin PBXNativeTarget section */
		8CC4AD352C402A9D00538CEC /* TestTaskNasa */ = {
			isa = PBXNativeTarget;
			buildConfigurationList = 8CC4AD4A2C402AA000538CEC /* Build configuration list for PBXNativeTarget "TestTaskNasa" */;
			buildPhases = (
				23B7E8017CB9CCC76E8A0343 /* [CP] Check Pods Manifest.lock */,
				8CC4AD322C402A9D00538CEC /* Sources */,
				8CC4AD332C402A9D00538CEC /* Frameworks */,
				8CC4AD342C402A9D00538CEC /* Resources */,
				D71E7E52D69E13AAC31DE98A /* [CP] Embed Pods Frameworks */,
			);
			buildRules = (
			);
			dependencies = (
			);
			name = TestTaskNasa;
			productName = TestTaskNasa;
			productReference = 8CC4AD362C402A9D00538CEC /* TestTaskNasa.app */;
			productType = "com.apple.product-type.application";
		};
/* End PBXNativeTarget section */

/* Begin PBXProject section */
		8CC4AD2E2C402A9D00538CEC /* Project object */ = {
			isa = PBXProject;
			attributes = {
				BuildIndependentTargetsInParallel = 1;
				LastSwiftUpdateCheck = 1540;
				LastUpgradeCheck = 1540;
				TargetAttributes = {
					8CC4AD352C402A9D00538CEC = {
						CreatedOnToolsVersion = 15.4;
					};
				};
			};
			buildConfigurationList = 8CC4AD312C402A9D00538CEC /* Build configuration list for PBXProject "TestTaskNasa" */;
			compatibilityVersion = "Xcode 14.0";
			developmentRegion = en;
			hasScannedForEncodings = 0;
			knownRegions = (
				en,
				Base,
			);
			mainGroup = 8CC4AD2D2C402A9D00538CEC;
			productRefGroup = 8CC4AD372C402A9D00538CEC /* Products */;
			projectDirPath = "";
			projectRoot = "";
			targets = (
				8CC4AD352C402A9D00538CEC /* TestTaskNasa */,
			);
		};
/* End PBXProject section */

/* Begin PBXResourcesBuildPhase section */
		8CC4AD342C402A9D00538CEC /* Resources */ = {
			isa = PBXResourcesBuildPhase;
			buildActionMask = 2147483647;
			files = (
				8C4D8CA22C47EC5800F1B6F7 /* loader.json in Resources */,
				8CC4AD432C402AA000538CEC /* Assets.xcassets in Resources */,
				8CC4AD462C402AA000538CEC /* Base in Resources */,
			);
			runOnlyForDeploymentPostprocessing = 0;
		};
/* End PBXResourcesBuildPhase section */

/* Begin PBXShellScriptBuildPhase section */
		23B7E8017CB9CCC76E8A0343 /* [CP] Check Pods Manifest.lock */ = {
			isa = PBXShellScriptBuildPhase;
			buildActionMask = 2147483647;
			files = (
			);
			inputFileListPaths = (
			);
			inputPaths = (
				"${PODS_PODFILE_DIR_PATH}/Podfile.lock",
				"${PODS_ROOT}/Manifest.lock",
			);
			name = "[CP] Check Pods Manifest.lock";
			outputFileListPaths = (
			);
			outputPaths = (
				"$(DERIVED_FILE_DIR)/Pods-TestTaskNasa-checkManifestLockResult.txt",
			);
			runOnlyForDeploymentPostprocessing = 0;
			shellPath = /bin/sh;
			shellScript = "diff \"${PODS_PODFILE_DIR_PATH}/Podfile.lock\" \"${PODS_ROOT}/Manifest.lock\" > /dev/null\nif [ $? != 0 ] ; then\n    # print error to STDERR\n    echo \"error: The sandbox is not in sync with the Podfile.lock. Run 'pod install' or update your CocoaPods installation.\" >&2\n    exit 1\nfi\n# This output is used by Xcode 'outputs' to avoid re-running this script phase.\necho \"SUCCESS\" > \"${SCRIPT_OUTPUT_FILE_0}\"\n";
			showEnvVarsInLog = 0;
		};
		D71E7E52D69E13AAC31DE98A /* [CP] Embed Pods Frameworks */ = {
			isa = PBXShellScriptBuildPhase;
			buildActionMask = 2147483647;
			files = (
			);
			inputFileListPaths = (
				"${PODS_ROOT}/Target Support Files/Pods-TestTaskNasa/Pods-TestTaskNasa-frameworks-${CONFIGURATION}-input-files.xcfilelist",
			);
			name = "[CP] Embed Pods Frameworks";
			outputFileListPaths = (
				"${PODS_ROOT}/Target Support Files/Pods-TestTaskNasa/Pods-TestTaskNasa-frameworks-${CONFIGURATION}-output-files.xcfilelist",
			);
			runOnlyForDeploymentPostprocessing = 0;
			shellPath = /bin/sh;
			shellScript = "\"${PODS_ROOT}/Target Support Files/Pods-TestTaskNasa/Pods-TestTaskNasa-frameworks.sh\"\n";
			showEnvVarsInLog = 0;
		};
/* End PBXShellScriptBuildPhase section */

/* Begin PBXSourcesBuildPhase section */
		8CC4AD322C402A9D00538CEC /* Sources */ = {
			isa = PBXSourcesBuildPhase;
			buildActionMask = 2147483647;
			files = (
				8C2EC5172C4285E6005784C8 /* DetailViewModel.swift in Sources */,
				8C1584652C43EE5E00331C1B /* HistoryViewController.swift in Sources */,
				8CC4AD552C40350C00538CEC /* CardCell.swift in Sources */,
				8CC4AD6A2C41A54500538CEC /* CameraBottomScreen.swift in Sources */,
				8C2EC5242C42F271005784C8 /* RoversPhotoPrtcl.swift in Sources */,
				8C2EC51F2C42E743005784C8 /* RoverPhoto.swift in Sources */,
				8C1584672C43EE7B00331C1B /* HistoryCell.swift in Sources */,
				8CC4AD642C412FFD00538CEC /* Constants.swift in Sources */,
				8CC4AD602C4098D800538CEC /* Endpoint.swift in Sources */,
				8C2EC51D2C42B349005784C8 /* DatePickerViewController.swift in Sources */,
				8C1584692C43EE8B00331C1B /* HistoryViewModel.swift in Sources */,
				8CC4AD3E2C402A9D00538CEC /* MainViewController.swift in Sources */,
				8CF844912C44139800A59A11 /* FilterModel.swift in Sources */,
				8CC4AD5A2C40360000538CEC /* RoverLatestPhoto.swift in Sources */,
				8CF8448F2C440EF800A59A11 /* DBManager.swift in Sources */,
				8CC4AD682C41A53400538CEC /* RoverBottomScreen.swift in Sources */,
				8C2EC5152C4285DA005784C8 /* DetailViewController.swift in Sources */,
				8C2EC52D2C43166E005784C8 /* AlertManager.swift in Sources */,
				8CC4AD532C4030C800538CEC /* UIColor+Extensions.swift in Sources */,
				8CC4AD5E2C403EFA00538CEC /* UIViewController+Extensions.swift in Sources */,
				8CC4AD622C40994700538CEC /* APIService.swift in Sources */,
				8C4D8CA02C47BCD400F1B6F7 /* DateFormaterManager.swift in Sources */,
				8C2EC5132C428137005784C8 /* Other+Extensions.swift in Sources */,
				8C2EC51B2C42ADFB005784C8 /* UIButton+Extensions.swift in Sources */,
				8CC4AD3A2C402A9D00538CEC /* AppDelegate.swift in Sources */,
				8CC4AD662C4134EC00538CEC /* HTTP.swift in Sources */,
				8CC4AD3C2C402A9D00538CEC /* SceneDelegate.swift in Sources */,
				8CC4AD572C40358D00538CEC /* MainViewModel.swift in Sources */,
			);
			runOnlyForDeploymentPostprocessing = 0;
		};
/* End PBXSourcesBuildPhase section */

/* Begin PBXVariantGroup section */
		8CC4AD442C402AA000538CEC /* LaunchScreen.storyboard */ = {
			isa = PBXVariantGroup;
			children = (
				8CC4AD452C402AA000538CEC /* Base */,
			);
			name = LaunchScreen.storyboard;
			sourceTree = "<group>";
		};
/* End PBXVariantGroup section */

/* Begin XCBuildConfiguration section */
		8CC4AD482C402AA000538CEC /* Debug */ = {
			isa = XCBuildConfiguration;
			buildSettings = {
				ALWAYS_SEARCH_USER_PATHS = NO;
				ASSETCATALOG_COMPILER_GENERATE_SWIFT_ASSET_SYMBOL_EXTENSIONS = YES;
				CLANG_ANALYZER_NONNULL = YES;
				CLANG_ANALYZER_NUMBER_OBJECT_CONVERSION = YES_AGGRESSIVE;
				CLANG_CXX_LANGUAGE_STANDARD = "gnu++20";
				CLANG_ENABLE_MODULES = YES;
				CLANG_ENABLE_OBJC_ARC = YES;
				CLANG_ENABLE_OBJC_WEAK = YES;
				CLANG_WARN_BLOCK_CAPTURE_AUTORELEASING = YES;
				CLANG_WARN_BOOL_CONVERSION = YES;
				CLANG_WARN_COMMA = YES;
				CLANG_WARN_CONSTANT_CONVERSION = YES;
				CLANG_WARN_DEPRECATED_OBJC_IMPLEMENTATIONS = YES;
				CLANG_WARN_DIRECT_OBJC_ISA_USAGE = YES_ERROR;
				CLANG_WARN_DOCUMENTATION_COMMENTS = YES;
				CLANG_WARN_EMPTY_BODY = YES;
				CLANG_WARN_ENUM_CONVERSION = YES;
				CLANG_WARN_INFINITE_RECURSION = YES;
				CLANG_WARN_INT_CONVERSION = YES;
				CLANG_WARN_NON_LITERAL_NULL_CONVERSION = YES;
				CLANG_WARN_OBJC_IMPLICIT_RETAIN_SELF = YES;
				CLANG_WARN_OBJC_LITERAL_CONVERSION = YES;
				CLANG_WARN_OBJC_ROOT_CLASS = YES_ERROR;
				CLANG_WARN_QUOTED_INCLUDE_IN_FRAMEWORK_HEADER = YES;
				CLANG_WARN_RANGE_LOOP_ANALYSIS = YES;
				CLANG_WARN_STRICT_PROTOTYPES = YES;
				CLANG_WARN_SUSPICIOUS_MOVE = YES;
				CLANG_WARN_UNGUARDED_AVAILABILITY = YES_AGGRESSIVE;
				CLANG_WARN_UNREACHABLE_CODE = YES;
				CLANG_WARN__DUPLICATE_METHOD_MATCH = YES;
				COPY_PHASE_STRIP = NO;
				DEBUG_INFORMATION_FORMAT = dwarf;
				ENABLE_STRICT_OBJC_MSGSEND = YES;
				ENABLE_TESTABILITY = YES;
				ENABLE_USER_SCRIPT_SANDBOXING = NO;
				GCC_C_LANGUAGE_STANDARD = gnu17;
				GCC_DYNAMIC_NO_PIC = NO;
				GCC_NO_COMMON_BLOCKS = YES;
				GCC_OPTIMIZATION_LEVEL = 0;
				GCC_PREPROCESSOR_DEFINITIONS = (
					"DEBUG=1",
					"$(inherited)",
				);
				GCC_WARN_64_TO_32_BIT_CONVERSION = YES;
				GCC_WARN_ABOUT_RETURN_TYPE = YES_ERROR;
				GCC_WARN_UNDECLARED_SELECTOR = YES;
				GCC_WARN_UNINITIALIZED_AUTOS = YES_AGGRESSIVE;
				GCC_WARN_UNUSED_FUNCTION = YES;
				GCC_WARN_UNUSED_VARIABLE = YES;
				IPHONEOS_DEPLOYMENT_TARGET = 17.5;
				LOCALIZATION_PREFERS_STRING_CATALOGS = YES;
				MTL_ENABLE_DEBUG_INFO = INCLUDE_SOURCE;
				MTL_FAST_MATH = YES;
				ONLY_ACTIVE_ARCH = YES;
				SDKROOT = iphoneos;
				SWIFT_ACTIVE_COMPILATION_CONDITIONS = "DEBUG $(inherited)";
				SWIFT_OPTIMIZATION_LEVEL = "-Onone";
			};
			name = Debug;
		};
		8CC4AD492C402AA000538CEC /* Release */ = {
			isa = XCBuildConfiguration;
			buildSettings = {
				ALWAYS_SEARCH_USER_PATHS = NO;
				ASSETCATALOG_COMPILER_GENERATE_SWIFT_ASSET_SYMBOL_EXTENSIONS = YES;
				CLANG_ANALYZER_NONNULL = YES;
				CLANG_ANALYZER_NUMBER_OBJECT_CONVERSION = YES_AGGRESSIVE;
				CLANG_CXX_LANGUAGE_STANDARD = "gnu++20";
				CLANG_ENABLE_MODULES = YES;
				CLANG_ENABLE_OBJC_ARC = YES;
				CLANG_ENABLE_OBJC_WEAK = YES;
				CLANG_WARN_BLOCK_CAPTURE_AUTORELEASING = YES;
				CLANG_WARN_BOOL_CONVERSION = YES;
				CLANG_WARN_COMMA = YES;
				CLANG_WARN_CONSTANT_CONVERSION = YES;
				CLANG_WARN_DEPRECATED_OBJC_IMPLEMENTATIONS = YES;
				CLANG_WARN_DIRECT_OBJC_ISA_USAGE = YES_ERROR;
				CLANG_WARN_DOCUMENTATION_COMMENTS = YES;
				CLANG_WARN_EMPTY_BODY = YES;
				CLANG_WARN_ENUM_CONVERSION = YES;
				CLANG_WARN_INFINITE_RECURSION = YES;
				CLANG_WARN_INT_CONVERSION = YES;
				CLANG_WARN_NON_LITERAL_NULL_CONVERSION = YES;
				CLANG_WARN_OBJC_IMPLICIT_RETAIN_SELF = YES;
				CLANG_WARN_OBJC_LITERAL_CONVERSION = YES;
				CLANG_WARN_OBJC_ROOT_CLASS = YES_ERROR;
				CLANG_WARN_QUOTED_INCLUDE_IN_FRAMEWORK_HEADER = YES;
				CLANG_WARN_RANGE_LOOP_ANALYSIS = YES;
				CLANG_WARN_STRICT_PROTOTYPES = YES;
				CLANG_WARN_SUSPICIOUS_MOVE = YES;
				CLANG_WARN_UNGUARDED_AVAILABILITY = YES_AGGRESSIVE;
				CLANG_WARN_UNREACHABLE_CODE = YES;
				CLANG_WARN__DUPLICATE_METHOD_MATCH = YES;
				COPY_PHASE_STRIP = NO;
				DEBUG_INFORMATION_FORMAT = "dwarf-with-dsym";
				ENABLE_NS_ASSERTIONS = NO;
				ENABLE_STRICT_OBJC_MSGSEND = YES;
				ENABLE_USER_SCRIPT_SANDBOXING = NO;
				GCC_C_LANGUAGE_STANDARD = gnu17;
				GCC_NO_COMMON_BLOCKS = YES;
				GCC_WARN_64_TO_32_BIT_CONVERSION = YES;
				GCC_WARN_ABOUT_RETURN_TYPE = YES_ERROR;
				GCC_WARN_UNDECLARED_SELECTOR = YES;
				GCC_WARN_UNINITIALIZED_AUTOS = YES_AGGRESSIVE;
				GCC_WARN_UNUSED_FUNCTION = YES;
				GCC_WARN_UNUSED_VARIABLE = YES;
				IPHONEOS_DEPLOYMENT_TARGET = 17.5;
				LOCALIZATION_PREFERS_STRING_CATALOGS = YES;
				MTL_ENABLE_DEBUG_INFO = NO;
				MTL_FAST_MATH = YES;
				SDKROOT = iphoneos;
				SWIFT_COMPILATION_MODE = wholemodule;
				VALIDATE_PRODUCT = YES;
			};
			name = Release;
		};
		8CC4AD4B2C402AA000538CEC /* Debug */ = {
			isa = XCBuildConfiguration;
			baseConfigurationReference = 509152D32A419B0790BEA103 /* Pods-TestTaskNasa.debug.xcconfig */;
			buildSettings = {
				ASSETCATALOG_COMPILER_APPICON_NAME = AppIcon;
				ASSETCATALOG_COMPILER_GLOBAL_ACCENT_COLOR_NAME = AccentColor;
				CODE_SIGN_STYLE = Automatic;
				CURRENT_PROJECT_VERSION = 1;
				DEVELOPMENT_TEAM = B8GS4783WX;
				GENERATE_INFOPLIST_FILE = YES;
				INFOPLIST_FILE = TestTaskNasa/Assets/Info.plist;
				INFOPLIST_KEY_UIApplicationSupportsIndirectInputEvents = YES;
				INFOPLIST_KEY_UILaunchStoryboardName = LaunchScreen;
				INFOPLIST_KEY_UIStatusBarStyle = UIStatusBarStyleLightContent;
				INFOPLIST_KEY_UISupportedInterfaceOrientations = UIInterfaceOrientationPortrait;
				INFOPLIST_KEY_UISupportedInterfaceOrientations_iPad = "UIInterfaceOrientationLandscapeLeft UIInterfaceOrientationLandscapeRight UIInterfaceOrientationPortrait UIInterfaceOrientationPortraitUpsideDown";
				IPHONEOS_DEPLOYMENT_TARGET = 13.0;
				LD_RUNPATH_SEARCH_PATHS = (
					"$(inherited)",
					"@executable_path/Frameworks",
				);
				MARKETING_VERSION = 1.0;
				PRODUCT_BUNDLE_IDENTIFIER = personal.TestTaskNasa;
				PRODUCT_NAME = "$(TARGET_NAME)";
				SUPPORTED_PLATFORMS = "iphoneos iphonesimulator";
				SUPPORTS_MACCATALYST = NO;
				SUPPORTS_MAC_DESIGNED_FOR_IPHONE_IPAD = NO;
				SUPPORTS_XR_DESIGNED_FOR_IPHONE_IPAD = NO;
				SWIFT_EMIT_LOC_STRINGS = YES;
				SWIFT_VERSION = 5.0;
				TARGETED_DEVICE_FAMILY = 1;
			};
			name = Debug;
		};
		8CC4AD4C2C402AA000538CEC /* Release */ = {
			isa = XCBuildConfiguration;
			baseConfigurationReference = 149B708676A0E4BEAC3FFDDE /* Pods-TestTaskNasa.release.xcconfig */;
			buildSettings = {
				ASSETCATALOG_COMPILER_APPICON_NAME = AppIcon;
				ASSETCATALOG_COMPILER_GLOBAL_ACCENT_COLOR_NAME = AccentColor;
				CODE_SIGN_STYLE = Automatic;
				CURRENT_PROJECT_VERSION = 1;
				DEVELOPMENT_TEAM = B8GS4783WX;
				GENERATE_INFOPLIST_FILE = YES;
				INFOPLIST_FILE = TestTaskNasa/Assets/Info.plist;
				INFOPLIST_KEY_UIApplicationSupportsIndirectInputEvents = YES;
				INFOPLIST_KEY_UILaunchStoryboardName = LaunchScreen;
				INFOPLIST_KEY_UIStatusBarStyle = UIStatusBarStyleLightContent;
				INFOPLIST_KEY_UISupportedInterfaceOrientations = UIInterfaceOrientationPortrait;
				INFOPLIST_KEY_UISupportedInterfaceOrientations_iPad = "UIInterfaceOrientationLandscapeLeft UIInterfaceOrientationLandscapeRight UIInterfaceOrientationPortrait UIInterfaceOrientationPortraitUpsideDown";
				IPHONEOS_DEPLOYMENT_TARGET = 13.0;
				LD_RUNPATH_SEARCH_PATHS = (
					"$(inherited)",
					"@executable_path/Frameworks",
				);
				MARKETING_VERSION = 1.0;
				PRODUCT_BUNDLE_IDENTIFIER = personal.TestTaskNasa;
				PRODUCT_NAME = "$(TARGET_NAME)";
				SUPPORTED_PLATFORMS = "iphoneos iphonesimulator";
				SUPPORTS_MACCATALYST = NO;
				SUPPORTS_MAC_DESIGNED_FOR_IPHONE_IPAD = NO;
				SUPPORTS_XR_DESIGNED_FOR_IPHONE_IPAD = NO;
				SWIFT_EMIT_LOC_STRINGS = YES;
				SWIFT_VERSION = 5.0;
				TARGETED_DEVICE_FAMILY = 1;
			};
			name = Release;
		};
/* End XCBuildConfiguration section */

/* Begin XCConfigurationList section */
		8CC4AD312C402A9D00538CEC /* Build configuration list for PBXProject "TestTaskNasa" */ = {
			isa = XCConfigurationList;
			buildConfigurations = (
				8CC4AD482C402AA000538CEC /* Debug */,
				8CC4AD492C402AA000538CEC /* Release */,
			);
			defaultConfigurationIsVisible = 0;
			defaultConfigurationName = Release;
		};
		8CC4AD4A2C402AA000538CEC /* Build configuration list for PBXNativeTarget "TestTaskNasa" */ = {
			isa = XCConfigurationList;
			buildConfigurations = (
				8CC4AD4B2C402AA000538CEC /* Debug */,
				8CC4AD4C2C402AA000538CEC /* Release */,
			);
			defaultConfigurationIsVisible = 0;
			defaultConfigurationName = Release;
		};
/* End XCConfigurationList section */
	};
	rootObject = 8CC4AD2E2C402A9D00538CEC /* Project object */;
}
